
Microsoft Visual Studio Solution File, Format Version 12.00
# Visual Studio 15
VisualStudioVersion = 15.0.27428.2002
MinimumVisualStudioVersion = 10.0.40219.1
Project("{8BC9CEB8-8B4A-11D0-8D11-00A0C91BC942}") = "chap08", "chap08\chap08.vcxproj", "{1644DCE8-BED5-47F1-AD5D-27C350012B17}"
EndProject
Global
	GlobalSection(SolutionConfigurationPlatforms) = preSolution
		Debug|x64 = Debug|x64
		Debug|x86 = Debug|x86
		Release|x64 = Release|x64
		Release|x86 = Release|x86
	EndGlobalSection
	GlobalSection(ProjectConfigurationPlatforms) = postSolution
		{1644DCE8-BED5-47F1-AD5D-27C350012B17}.Debug|x64.ActiveCfg = Debug|x64
		{1644DCE8-BED5-47F1-AD5D-27C350012B17}.Debug|x64.Build.0 = Debug|x64
		{1644DCE8-BED5-47F1-AD5D-27C350012B17}.Debug|x86.ActiveCfg = Debug|Win32
		{1644DCE8-BED5-47F1-AD5D-27C350012B17}.Debug|x86.Build.0 = Debug|Win32
		{1644DCE8-BED5-47F1-AD5D-27C350012B17}.Release|x64.ActiveCfg = Release|x64
		{1644DCE8-BED5-47F1-AD5D-27C350012B17}.Release|x64.Build.0 = Release|x64
		{1644DCE8-BED5-47F1-AD5D-27C350012B17}.Release|x86.ActiveCfg = Release|Win32
		{1644DCE8-BED5-47F1-AD5D-27C350012B17}.Release|x86.Build.0 = Release|Win32
	EndGlobalSection
	GlobalSection(SolutionProperties) = preSolution
		HideSolutionNode = FALSE
	EndGlobalSection
	GlobalSection(ExtensibilityGlobals) = postSolution
		SolutionGuid = {3B06567A-D12F-4AB5-9073-5B5444F4D4DE}
	EndGlobalSection
EndGlobal
